
Microsoft Visual Studio Solution File, Format Version 12.00
# Visual Studio Version 16
VisualStudioVersion = 16.0.30320.27
MinimumVisualStudioVersion = 10.0.40219.1
Project("{FAE04EC0-301F-11D3-BF4B-00C04F79EFBC}") = "BakeryProject", "BakeryProject\BakeryProject.csproj", "{8D517882-C6FF-4AD3-A780-AD0E3A9EFE91}"
EndProject
Global
	GlobalSection(SolutionConfigurationPlatforms) = preSolution
		Debug|Any CPU = Debug|Any CPU
		Release|Any CPU = Release|Any CPU
	EndGlobalSection
	GlobalSection(ProjectConfigurationPlatforms) = postSolution
		{8D517882-C6FF-4AD3-A780-AD0E3A9EFE91}.Debug|Any CPU.ActiveCfg = Debug|Any CPU
		{8D517882-C6FF-4AD3-A780-AD0E3A9EFE91}.Debug|Any CPU.Build.0 = Debug|Any CPU
		{8D517882-C6FF-4AD3-A780-AD0E3A9EFE91}.Release|Any CPU.ActiveCfg = Release|Any CPU
		{8D517882-C6FF-4AD3-A780-AD0E3A9EFE91}.Release|Any CPU.Build.0 = Release|Any CPU
	EndGlobalSection
	GlobalSection(SolutionProperties) = preSolution
		HideSolutionNode = FALSE
	EndGlobalSection
	GlobalSection(ExtensibilityGlobals) = postSolution
		SolutionGuid = {2054EC5E-0F60-40E7-9EDA-6E76901393EF}
	EndGlobalSection
EndGlobal
